{
  "name": "json-stdio",
  "version": "0.0.1015",
  "lockfileVersion": 1,
  "requires": true,
  "dependencies": {
    "@types/core-js": {
      "version": "0.9.43",
      "resolved": "https://registry.npmjs.org/@types/core-js/-/core-js-0.9.43.tgz",
      "integrity": "sha1-ZdZGxejAzRve43BleZ+dPUh0glM=",
      "dev": true
    },
    "@types/node": {
      "version": "8.0.51",
      "resolved": "https://registry.npmjs.org/@types/node/-/node-8.0.51.tgz",
      "integrity": "sha1-sx1xb7jVjuuVwGigObm2KSgX1fs=",
      "dev": true
    }
  }
}
